
Microsoft Visual Studio Solution File, Format Version 12.00
# Visual Studio Version 16
VisualStudioVersion = 16.0.31829.152
MinimumVisualStudioVersion = 10.0.40219.1
Project("{8BC9CEB8-8B4A-11D0-8D11-00A0C91BC942}") = "ITP homework 1 problem 4", "ITP homework 1 problem 4.vcxproj", "{D2448D24-9824-4565-BAFE-AC74153D4B54}"
EndProject
Global
	GlobalSection(SolutionConfigurationPlatforms) = preSolution
		Debug|x64 = Debug|x64
		Debug|x86 = Debug|x86
		Release|x64 = Release|x64
		Release|x86 = Release|x86
	EndGlobalSection
	GlobalSection(ProjectConfigurationPlatforms) = postSolution
		{D2448D24-9824-4565-BAFE-AC74153D4B54}.Debug|x64.ActiveCfg = Debug|x64
		{D2448D24-9824-4565-BAFE-AC74153D4B54}.Debug|x64.Build.0 = Debug|x64
		{D2448D24-9824-4565-BAFE-AC74153D4B54}.Debug|x86.ActiveCfg = Debug|Win32
		{D2448D24-9824-4565-BAFE-AC74153D4B54}.Debug|x86.Build.0 = Debug|Win32
		{D2448D24-9824-4565-BAFE-AC74153D4B54}.Release|x64.ActiveCfg = Release|x64
		{D2448D24-9824-4565-BAFE-AC74153D4B54}.Release|x64.Build.0 = Release|x64
		{D2448D24-9824-4565-BAFE-AC74153D4B54}.Release|x86.ActiveCfg = Release|Win32
		{D2448D24-9824-4565-BAFE-AC74153D4B54}.Release|x86.Build.0 = Release|Win32
	EndGlobalSection
	GlobalSection(SolutionProperties) = preSolution
		HideSolutionNode = FALSE
	EndGlobalSection
	GlobalSection(ExtensibilityGlobals) = postSolution
		SolutionGuid = {CAC3B3AC-9BE9-40DC-9312-43BF155216F2}
	EndGlobalSection
EndGlobal
